
Microsoft Visual Studio Solution File, Format Version 12.00
# Visual Studio Version 17
VisualStudioVersion = 17.12.35707.178
MinimumVisualStudioVersion = 10.0.40219.1
Project("{8BC9CEB8-8B4A-11D0-8D11-00A0C91BC942}") = "practice01", "practice\practice01\practice01.vcxproj", "{E8676140-3E17-45BE-9F90-00A42417A87C}"
EndProject
Project("{8BC9CEB8-8B4A-11D0-8D11-00A0C91BC942}") = "practice02", "practice02\practice02.vcxproj", "{ACCC7E74-1CD9-438F-B175-A0F50D3D2B28}"
EndProject
Project("{8BC9CEB8-8B4A-11D0-8D11-00A0C91BC942}") = "practice03", "practice\practice03\practice03.vcxproj", "{2A8BE043-0F7E-4FD1-9C4C-7BF934F6881A}"
EndProject
Project("{8BC9CEB8-8B4A-11D0-8D11-00A0C91BC942}") = "practice03_test", "test\practice03_test\practice03_test.vcxproj", "{91593C03-AB84-1F61-FA9B-1C8D5BD093B3}"
EndProject
Project("{8BC9CEB8-8B4A-11D0-8D11-00A0C91BC942}") = "practice04", "practice\practice04\practice04.vcxproj", "{81B116B2-9166-4B63-96E4-054992BF2548}"
EndProject
Project("{8BC9CEB8-8B4A-11D0-8D11-00A0C91BC942}") = "project01", "projects\project01\project01.vcxproj", "{D232CFF6-A2DE-449C-8A13-D3FEB148E701}"
EndProject
Global
	GlobalSection(SolutionConfigurationPlatforms) = preSolution
		Debug|x64 = Debug|x64
		Debug|x86 = Debug|x86
		Release|x64 = Release|x64
		Release|x86 = Release|x86
	EndGlobalSection
	GlobalSection(ProjectConfigurationPlatforms) = postSolution
		{E8676140-3E17-45BE-9F90-00A42417A87C}.Debug|x64.ActiveCfg = Debug|x64
		{E8676140-3E17-45BE-9F90-00A42417A87C}.Debug|x64.Build.0 = Debug|x64
		{E8676140-3E17-45BE-9F90-00A42417A87C}.Debug|x86.ActiveCfg = Debug|Win32
		{E8676140-3E17-45BE-9F90-00A42417A87C}.Debug|x86.Build.0 = Debug|Win32
		{E8676140-3E17-45BE-9F90-00A42417A87C}.Release|x64.ActiveCfg = Release|x64
		{E8676140-3E17-45BE-9F90-00A42417A87C}.Release|x64.Build.0 = Release|x64
		{E8676140-3E17-45BE-9F90-00A42417A87C}.Release|x86.ActiveCfg = Release|Win32
		{E8676140-3E17-45BE-9F90-00A42417A87C}.Release|x86.Build.0 = Release|Win32
		{ACCC7E74-1CD9-438F-B175-A0F50D3D2B28}.Debug|x64.ActiveCfg = Debug|x64
		{ACCC7E74-1CD9-438F-B175-A0F50D3D2B28}.Debug|x64.Build.0 = Debug|x64
		{ACCC7E74-1CD9-438F-B175-A0F50D3D2B28}.Debug|x86.ActiveCfg = Debug|Win32
		{ACCC7E74-1CD9-438F-B175-A0F50D3D2B28}.Debug|x86.Build.0 = Debug|Win32
		{ACCC7E74-1CD9-438F-B175-A0F50D3D2B28}.Release|x64.ActiveCfg = Release|x64
		{ACCC7E74-1CD9-438F-B175-A0F50D3D2B28}.Release|x64.Build.0 = Release|x64
		{ACCC7E74-1CD9-438F-B175-A0F50D3D2B28}.Release|x86.ActiveCfg = Release|Win32
		{ACCC7E74-1CD9-438F-B175-A0F50D3D2B28}.Release|x86.Build.0 = Release|Win32
		{2A8BE043-0F7E-4FD1-9C4C-7BF934F6881A}.Debug|x64.ActiveCfg = Debug|x64
		{2A8BE043-0F7E-4FD1-9C4C-7BF934F6881A}.Debug|x64.Build.0 = Debug|x64
		{2A8BE043-0F7E-4FD1-9C4C-7BF934F6881A}.Debug|x86.ActiveCfg = Debug|Win32
		{2A8BE043-0F7E-4FD1-9C4C-7BF934F6881A}.Debug|x86.Build.0 = Debug|Win32
		{2A8BE043-0F7E-4FD1-9C4C-7BF934F6881A}.Release|x64.ActiveCfg = Release|x64
		{2A8BE043-0F7E-4FD1-9C4C-7BF934F6881A}.Release|x64.Build.0 = Release|x64
		{2A8BE043-0F7E-4FD1-9C4C-7BF934F6881A}.Release|x86.ActiveCfg = Release|Win32
		{2A8BE043-0F7E-4FD1-9C4C-7BF934F6881A}.Release|x86.Build.0 = Release|Win32
		{91593C03-AB84-1F61-FA9B-1C8D5BD093B3}.Debug|x64.ActiveCfg = Debug|x64
		{91593C03-AB84-1F61-FA9B-1C8D5BD093B3}.Debug|x64.Build.0 = Debug|x64
		{91593C03-AB84-1F61-FA9B-1C8D5BD093B3}.Debug|x86.ActiveCfg = Debug|Win32
		{91593C03-AB84-1F61-FA9B-1C8D5BD093B3}.Debug|x86.Build.0 = Debug|Win32
		{91593C03-AB84-1F61-FA9B-1C8D5BD093B3}.Release|x64.ActiveCfg = Release|x64
		{91593C03-AB84-1F61-FA9B-1C8D5BD093B3}.Release|x64.Build.0 = Release|x64
		{91593C03-AB84-1F61-FA9B-1C8D5BD093B3}.Release|x86.ActiveCfg = Release|Win32
		{91593C03-AB84-1F61-FA9B-1C8D5BD093B3}.Release|x86.Build.0 = Release|Win32
		{81B116B2-9166-4B63-96E4-054992BF2548}.Debug|x64.ActiveCfg = Debug|x64
		{81B116B2-9166-4B63-96E4-054992BF2548}.Debug|x64.Build.0 = Debug|x64
		{81B116B2-9166-4B63-96E4-054992BF2548}.Debug|x86.ActiveCfg = Debug|Win32
		{81B116B2-9166-4B63-96E4-054992BF2548}.Debug|x86.Build.0 = Debug|Win32
		{81B116B2-9166-4B63-96E4-054992BF2548}.Release|x64.ActiveCfg = Release|x64
		{81B116B2-9166-4B63-96E4-054992BF2548}.Release|x64.Build.0 = Release|x64
		{81B116B2-9166-4B63-96E4-054992BF2548}.Release|x86.ActiveCfg = Release|Win32
		{81B116B2-9166-4B63-96E4-054992BF2548}.Release|x86.Build.0 = Release|Win32
		{D232CFF6-A2DE-449C-8A13-D3FEB148E701}.Debug|x64.ActiveCfg = Debug|x64
		{D232CFF6-A2DE-449C-8A13-D3FEB148E701}.Debug|x64.Build.0 = Debug|x64
		{D232CFF6-A2DE-449C-8A13-D3FEB148E701}.Debug|x86.ActiveCfg = Debug|Win32
		{D232CFF6-A2DE-449C-8A13-D3FEB148E701}.Debug|x86.Build.0 = Debug|Win32
		{D232CFF6-A2DE-449C-8A13-D3FEB148E701}.Release|x64.ActiveCfg = Release|x64
		{D232CFF6-A2DE-449C-8A13-D3FEB148E701}.Release|x64.Build.0 = Release|x64
		{D232CFF6-A2DE-449C-8A13-D3FEB148E701}.Release|x86.ActiveCfg = Release|Win32
		{D232CFF6-A2DE-449C-8A13-D3FEB148E701}.Release|x86.Build.0 = Release|Win32
	EndGlobalSection
	GlobalSection(SolutionProperties) = preSolution
		HideSolutionNode = FALSE
	EndGlobalSection
	GlobalSection(ExtensibilityGlobals) = postSolution
		SolutionGuid = {0D7B659B-BD19-4257-872C-F265AE73B8A7}
	EndGlobalSection
EndGlobal
